// !$*UTF8*$!
{
	archiveVersion = 1;
	classes = {
	};
	objectVersion = 46;
	objects = {

/* Begin PBXBuildFile section */
		EB1CA1521963B82700D59365 /* Foundation.framework in Frameworks */ = {isa = PBXBuildFile; fileRef = EB1CA1511963B82700D59365 /* Foundation.framework */; };
		EB1CA1541963B82700D59365 /* CoreGraphics.framework in Frameworks */ = {isa = PBXBuildFile; fileRef = EB1CA1531963B82700D59365 /* CoreGraphics.framework */; };
		EB1CA1561963B82700D59365 /* UIKit.framework in Frameworks */ = {isa = PBXBuildFile; fileRef = EB1CA1551963B82700D59365 /* UIKit.framework */; };
		EB1CA15C1963B82700D59365 /* InfoPlist.strings in Resources */ = {isa = PBXBuildFile; fileRef = EB1CA15A1963B82700D59365 /* InfoPlist.strings */; };
		EB1CA15E1963B82700D59365 /* main.m in Sources */ = {isa = PBXBuildFile; fileRef = EB1CA15D1963B82700D59365 /* main.m */; };
		EB1CA1621963B82700D59365 /* AppDelegate.m in Sources */ = {isa = PBXBuildFile; fileRef = EB1CA1611963B82700D59365 /* AppDelegate.m */; };
		EB1CA1651963B82700D59365 /* Main.storyboard in Resources */ = {isa = PBXBuildFile; fileRef = EB1CA1631963B82700D59365 /* Main.storyboard */; };
		EB1CA1681963B82700D59365 /* MasterViewController.m in Sources */ = {isa = PBXBuildFile; fileRef = EB1CA1671963B82700D59365 /* MasterViewController.m */; };
		EB1CA16B1963B82700D59365 /* DetailViewController.m in Sources */ = {isa = PBXBuildFile; fileRef = EB1CA16A1963B82700D59365 /* DetailViewController.m */; };
		EB1CA16D1963B82700D59365 /* Images.xcassets in Resources */ = {isa = PBXBuildFile; fileRef = EB1CA16C1963B82700D59365 /* Images.xcassets */; };
		EB1CA1741963B82700D59365 /* XCTest.framework in Frameworks */ = {isa = PBXBuildFile; fileRef = EB1CA1731963B82700D59365 /* XCTest.framework */; };
		EB1CA1751963B82700D59365 /* Foundation.framework in Frameworks */ = {isa = PBXBuildFile; fileRef = EB1CA1511963B82700D59365 /* Foundation.framework */; };
		EB1CA1761963B82700D59365 /* UIKit.framework in Frameworks */ = {isa = PBXBuildFile; fileRef = EB1CA1551963B82700D59365 /* UIKit.framework */; };
		EB1CA17E1963B82700D59365 /* InfoPlist.strings in Resources */ = {isa = PBXBuildFile; fileRef = EB1CA17C1963B82700D59365 /* InfoPlist.strings */; };
		EB1CA1801963B82700D59365 /* GithubClientTests.m in Sources */ = {isa = PBXBuildFile; fileRef = EB1CA17F1963B82700D59365 /* GithubClientTests.m */; };
		EB1CA18B1964743C00D59365 /* NetworkController.m in Sources */ = {isa = PBXBuildFile; fileRef = EB1CA18A1964743C00D59365 /* NetworkController.m */; };
/* End PBXBuildFile section */

/* Begin PBXContainerItemProxy section */
		EB1CA1771963B82700D59365 /* PBXContainerItemProxy */ = {
			isa = PBXContainerItemProxy;
			containerPortal = EB1CA1461963B82700D59365 /* Project object */;
			proxyType = 1;
			remoteGlobalIDString = EB1CA14D1963B82700D59365;
			remoteInfo = GithubClient;
		};
/* End PBXContainerItemProxy section */

/* Begin PBXFileReference section */
		EB1CA14E1963B82700D59365 /* GithubClient.app */ = {isa = PBXFileReference; explicitFileType = wrapper.application; includeInIndex = 0; path = GithubClient.app; sourceTree = BUILT_PRODUCTS_DIR; };
		EB1CA1511963B82700D59365 /* Foundation.framework */ = {isa = PBXFileReference; lastKnownFileType = wrapper.framework; name = Foundation.framework; path = System/Library/Frameworks/Foundation.framework; sourceTree = SDKROOT; };
		EB1CA1531963B82700D59365 /* CoreGraphics.framework */ = {isa = PBXFileReference; lastKnownFileType = wrapper.framework; name = CoreGraphics.framework; path = System/Library/Frameworks/CoreGraphics.framework; sourceTree = SDKROOT; };
		EB1CA1551963B82700D59365 /* UIKit.framework */ = {isa = PBXFileReference; lastKnownFileType = wrapper.framework; name = UIKit.framework; path = System/Library/Frameworks/UIKit.framework; sourceTree = SDKROOT; };
		EB1CA1591963B82700D59365 /* GithubClient-Info.plist */ = {isa = PBXFileReference; lastKnownFileType = text.plist.xml; path = "GithubClient-Info.plist"; sourceTree = "<group>"; };
		EB1CA15B1963B82700D59365 /* en */ = {isa = PBXFileReference; lastKnownFileType = text.plist.strings; name = en; path = en.lproj/InfoPlist.strings; sourceTree = "<group>"; };
		EB1CA15D1963B82700D59365 /* main.m */ = {isa = PBXFileReference; lastKnownFileType = sourcecode.c.objc; path = main.m; sourceTree = "<group>"; };
		EB1CA15F1963B82700D59365 /* GithubClient-Prefix.pch */ = {isa = PBXFileReference; lastKnownFileType = sourcecode.c.h; path = "GithubClient-Prefix.pch"; sourceTree = "<group>"; };
		EB1CA1601963B82700D59365 /* AppDelegate.h */ = {isa = PBXFileReference; lastKnownFileType = sourcecode.c.h; path = AppDelegate.h; sourceTree = "<group>"; };
		EB1CA1611963B82700D59365 /* AppDelegate.m */ = {isa = PBXFileReference; lastKnownFileType = sourcecode.c.objc; path = AppDelegate.m; sourceTree = "<group>"; };
		EB1CA1641963B82700D59365 /* Base */ = {isa = PBXFileReference; lastKnownFileType = file.storyboard; name = Base; path = Base.lproj/Main.storyboard; sourceTree = "<group>"; };
		EB1CA1661963B82700D59365 /* MasterViewController.h */ = {isa = PBXFileReference; lastKnownFileType = sourcecode.c.h; path = MasterViewController.h; sourceTree = "<group>"; };
		EB1CA1671963B82700D59365 /* MasterViewController.m */ = {isa = PBXFileReference; lastKnownFileType = sourcecode.c.objc; path = MasterViewController.m; sourceTree = "<group>"; };
		EB1CA1691963B82700D59365 /* DetailViewController.h */ = {isa = PBXFileReference; lastKnownFileType = sourcecode.c.h; path = DetailViewController.h; sourceTree = "<group>"; };
		EB1CA16A1963B82700D59365 /* DetailViewController.m */ = {isa = PBXFileReference; lastKnownFileType = sourcecode.c.objc; path = DetailViewController.m; sourceTree = "<group>"; };
		EB1CA16C1963B82700D59365 /* Images.xcassets */ = {isa = PBXFileReference; lastKnownFileType = folder.assetcatalog; path = Images.xcassets; sourceTree = "<group>"; };
		EB1CA1721963B82700D59365 /* GithubClientTests.xctest */ = {isa = PBXFileReference; explicitFileType = wrapper.cfbundle; includeInIndex = 0; path = GithubClientTests.xctest; sourceTree = BUILT_PRODUCTS_DIR; };
		EB1CA1731963B82700D59365 /* XCTest.framework */ = {isa = PBXFileReference; lastKnownFileType = wrapper.framework; name = XCTest.framework; path = Library/Frameworks/XCTest.framework; sourceTree = DEVELOPER_DIR; };
		EB1CA17B1963B82700D59365 /* GithubClientTests-Info.plist */ = {isa = PBXFileReference; lastKnownFileType = text.plist.xml; path = "GithubClientTests-Info.plist"; sourceTree = "<group>"; };
		EB1CA17D1963B82700D59365 /* en */ = {isa = PBXFileReference; lastKnownFileType = text.plist.strings; name = en; path = en.lproj/InfoPlist.strings; sourceTree = "<group>"; };
		EB1CA17F1963B82700D59365 /* GithubClientTests.m */ = {isa = PBXFileReference; lastKnownFileType = sourcecode.c.objc; path = GithubClientTests.m; sourceTree = "<group>"; };
		EB1CA1891964743C00D59365 /* NetworkController.h */ = {isa = PBXFileReference; fileEncoding = 4; lastKnownFileType = sourcecode.c.h; path = NetworkController.h; sourceTree = "<group>"; };
		EB1CA18A1964743C00D59365 /* NetworkController.m */ = {isa = PBXFileReference; fileEncoding = 4; lastKnownFileType = sourcecode.c.objc; path = NetworkController.m; sourceTree = "<group>"; };
/* End PBXFileReference section */

/* Begin PBXFrameworksBuildPhase section */
		EB1CA14B1963B82700D59365 /* Frameworks */ = {
			isa = PBXFrameworksBuildPhase;
			buildActionMask = 2147483647;
			files = (
				EB1CA1541963B82700D59365 /* CoreGraphics.framework in Frameworks */,
				EB1CA1561963B82700D59365 /* UIKit.framework in Frameworks */,
				EB1CA1521963B82700D59365 /* Foundation.framework in Frameworks */,
			);
			runOnlyForDeploymentPostprocessing = 0;
		};
		EB1CA16F1963B82700D59365 /* Frameworks */ = {
			isa = PBXFrameworksBuildPhase;
			buildActionMask = 2147483647;
			files = (
				EB1CA1741963B82700D59365 /* XCTest.framework in Frameworks */,
				EB1CA1761963B82700D59365 /* UIKit.framework in Frameworks */,
				EB1CA1751963B82700D59365 /* Foundation.framework in Frameworks */,
			);
			runOnlyForDeploymentPostprocessing = 0;
		};
/* End PBXFrameworksBuildPhase section */

/* Begin PBXGroup section */
		EB1CA1451963B82700D59365 = {
			isa = PBXGroup;
			children = (
				EB1CA1571963B82700D59365 /* GithubClient */,
				EB1CA1791963B82700D59365 /* GithubClientTests */,
				EB1CA1501963B82700D59365 /* Frameworks */,
				EB1CA14F1963B82700D59365 /* Products */,
			);
			sourceTree = "<group>";
		};
		EB1CA14F1963B82700D59365 /* Products */ = {
			isa = PBXGroup;
			children = (
				EB1CA14E1963B82700D59365 /* GithubClient.app */,
				EB1CA1721963B82700D59365 /* GithubClientTests.xctest */,
			);
			name = Products;
			sourceTree = "<group>";
		};
		EB1CA1501963B82700D59365 /* Frameworks */ = {
			isa = PBXGroup;
			children = (
				EB1CA1511963B82700D59365 /* Foundation.framework */,
				EB1CA1531963B82700D59365 /* CoreGraphics.framework */,
				EB1CA1551963B82700D59365 /* UIKit.framework */,
				EB1CA1731963B82700D59365 /* XCTest.framework */,
			);
			name = Frameworks;
			sourceTree = "<group>";
		};
		EB1CA1571963B82700D59365 /* GithubClient */ = {
			isa = PBXGroup;
			children = (
				EB1CA1601963B82700D59365 /* AppDelegate.h */,
				EB1CA1611963B82700D59365 /* AppDelegate.m */,
				EB1CA1891964743C00D59365 /* NetworkController.h */,
				EB1CA18A1964743C00D59365 /* NetworkController.m */,
				EB1CA1631963B82700D59365 /* Main.storyboard */,
				EB1CA1661963B82700D59365 /* MasterViewController.h */,
				EB1CA1671963B82700D59365 /* MasterViewController.m */,
				EB1CA1691963B82700D59365 /* DetailViewController.h */,
				EB1CA16A1963B82700D59365 /* DetailViewController.m */,
				EB1CA16C1963B82700D59365 /* Images.xcassets */,
				EB1CA1581963B82700D59365 /* Supporting Files */,
			);
			path = GithubClient;
			sourceTree = "<group>";
		};
		EB1CA1581963B82700D59365 /* Supporting Files */ = {
			isa = PBXGroup;
			children = (
				EB1CA1591963B82700D59365 /* GithubClient-Info.plist */,
				EB1CA15A1963B82700D59365 /* InfoPlist.strings */,
				EB1CA15D1963B82700D59365 /* main.m */,
				EB1CA15F1963B82700D59365 /* GithubClient-Prefix.pch */,
			);
			name = "Supporting Files";
			sourceTree = "<group>";
		};
		EB1CA1791963B82700D59365 /* GithubClientTests */ = {
			isa = PBXGroup;
			children = (
				EB1CA17F1963B82700D59365 /* GithubClientTests.m */,
				EB1CA17A1963B82700D59365 /* Supporting Files */,
			);
			path = GithubClientTests;
			sourceTree = "<group>";
		};
		EB1CA17A1963B82700D59365 /* Supporting Files */ = {
			isa = PBXGroup;
			children = (
				EB1CA17B1963B82700D59365 /* GithubClientTests-Info.plist */,
				EB1CA17C1963B82700D59365 /* InfoPlist.strings */,
			);
			name = "Supporting Files";
			sourceTree = "<group>";
		};
/* End PBXGroup section */

/* Begin PBXNativeTarget section */
		EB1CA14D1963B82700D59365 /* GithubClient */ = {
			isa = PBXNativeTarget;
			buildConfigurationList = EB1CA1831963B82700D59365 /* Build configuration list for PBXNativeTarget "GithubClient" */;
			buildPhases = (
				EB1CA14A1963B82700D59365 /* Sources */,
				EB1CA14B1963B82700D59365 /* Frameworks */,
				EB1CA14C1963B82700D59365 /* Resources */,
			);
			buildRules = (
			);
			dependencies = (
			);
			name = GithubClient;
			productName = GithubClient;
			productReference = EB1CA14E1963B82700D59365 /* GithubClient.app */;
			productType = "com.apple.product-type.application";
		};
		EB1CA1711963B82700D59365 /* GithubClientTests */ = {
			isa = PBXNativeTarget;
			buildConfigurationList = EB1CA1861963B82700D59365 /* Build configuration list for PBXNativeTarget "GithubClientTests" */;
			buildPhases = (
				EB1CA16E1963B82700D59365 /* Sources */,
				EB1CA16F1963B82700D59365 /* Frameworks */,
				EB1CA1701963B82700D59365 /* Resources */,
			);
			buildRules = (
			);
			dependencies = (
				EB1CA1781963B82700D59365 /* PBXTargetDependency */,
			);
			name = GithubClientTests;
			productName = GithubClientTests;
			productReference = EB1CA1721963B82700D59365 /* GithubClientTests.xctest */;
			productType = "com.apple.product-type.bundle.unit-test";
		};
/* End PBXNativeTarget section */

/* Begin PBXProject section */
		EB1CA1461963B82700D59365 /* Project object */ = {
			isa = PBXProject;
			attributes = {
				LastUpgradeCheck = 0510;
				ORGANIZATIONNAME = "Tripta Gupta";
				TargetAttributes = {
					EB1CA1711963B82700D59365 = {
						TestTargetID = EB1CA14D1963B82700D59365;
					};
				};
			};
			buildConfigurationList = EB1CA1491963B82700D59365 /* Build configuration list for PBXProject "GithubClient" */;
			compatibilityVersion = "Xcode 3.2";
			developmentRegion = English;
			hasScannedForEncodings = 0;
			knownRegions = (
				en,
				Base,
			);
			mainGroup = EB1CA1451963B82700D59365;
			productRefGroup = EB1CA14F1963B82700D59365 /* Products */;
			projectDirPath = "";
			projectRoot = "";
			targets = (
				EB1CA14D1963B82700D59365 /* GithubClient */,
				EB1CA1711963B82700D59365 /* GithubClientTests */,
			);
		};
/* End PBXProject section */

/* Begin PBXResourcesBuildPhase section */
		EB1CA14C1963B82700D59365 /* Resources */ = {
			isa = PBXResourcesBuildPhase;
			buildActionMask = 2147483647;
			files = (
				EB1CA16D1963B82700D59365 /* Images.xcassets in Resources */,
				EB1CA15C1963B82700D59365 /* InfoPlist.strings in Resources */,
				EB1CA1651963B82700D59365 /* Main.storyboard in Resources */,
			);
			runOnlyForDeploymentPostprocessing = 0;
		};
		EB1CA1701963B82700D59365 /* Resources */ = {
			isa = PBXResourcesBuildPhase;
			buildActionMask = 2147483647;
			files = (
				EB1CA17E1963B82700D59365 /* InfoPlist.strings in Resources */,
			);
			runOnlyForDeploymentPostprocessing = 0;
		};
/* End PBXResourcesBuildPhase section */

/* Begin PBXSourcesBuildPhase section */
		EB1CA14A1963B82700D59365 /* Sources */ = {
			isa = PBXSourcesBuildPhase;
			buildActionMask = 2147483647;
			files = (
				EB1CA1621963B82700D59365 /* AppDelegate.m in Sources */,
				EB1CA1681963B82700D59365 /* MasterViewController.m in Sources */,
				EB1CA15E1963B82700D59365 /* main.m in Sources */,
				EB1CA16B1963B82700D59365 /* DetailViewController.m in Sources */,
				EB1CA18B1964743C00D59365 /* NetworkController.m in Sources */,
			);
			runOnlyForDeploymentPostprocessing = 0;
		};
		EB1CA16E1963B82700D59365 /* Sources */ = {
			isa = PBXSourcesBuildPhase;
			buildActionMask = 2147483647;
			files = (
				EB1CA1801963B82700D59365 /* GithubClientTests.m in Sources */,
			);
			runOnlyForDeploymentPostprocessing = 0;
		};
/* End PBXSourcesBuildPhase section */

/* Begin PBXTargetDependency section */
		EB1CA1781963B82700D59365 /* PBXTargetDependency */ = {
			isa = PBXTargetDependency;
			target = EB1CA14D1963B82700D59365 /* GithubClient */;
			targetProxy = EB1CA1771963B82700D59365 /* PBXContainerItemProxy */;
		};
/* End PBXTargetDependency section */

/* Begin PBXVariantGroup section */
		EB1CA15A1963B82700D59365 /* InfoPlist.strings */ = {
			isa = PBXVariantGroup;
			children = (
				EB1CA15B1963B82700D59365 /* en */,
			);
			name = InfoPlist.strings;
			sourceTree = "<group>";
		};
		EB1CA1631963B82700D59365 /* Main.storyboard */ = {
			isa = PBXVariantGroup;
			children = (
				EB1CA1641963B82700D59365 /* Base */,
			);
			name = Main.storyboard;
			sourceTree = "<group>";
		};
		EB1CA17C1963B82700D59365 /* InfoPlist.strings */ = {
			isa = PBXVariantGroup;
			children = (
				EB1CA17D1963B82700D59365 /* en */,
			);
			name = InfoPlist.strings;
			sourceTree = "<group>";
		};
/* End PBXVariantGroup section */

/* Begin XCBuildConfiguration section */
		EB1CA1811963B82700D59365 /* Debug */ = {
			isa = XCBuildConfiguration;
			buildSettings = {
				ALWAYS_SEARCH_USER_PATHS = NO;
				CLANG_CXX_LANGUAGE_STANDARD = "gnu++0x";
				CLANG_CXX_LIBRARY = "libc++";
				CLANG_ENABLE_MODULES = YES;
				CLANG_ENABLE_OBJC_ARC = YES;
				CLANG_WARN_BOOL_CONVERSION = YES;
				CLANG_WARN_CONSTANT_CONVERSION = YES;
				CLANG_WARN_DIRECT_OBJC_ISA_USAGE = YES_ERROR;
				CLANG_WARN_EMPTY_BODY = YES;
				CLANG_WARN_ENUM_CONVERSION = YES;
				CLANG_WARN_INT_CONVERSION = YES;
				CLANG_WARN_OBJC_ROOT_CLASS = YES_ERROR;
				CLANG_WARN__DUPLICATE_METHOD_MATCH = YES;
				"CODE_SIGN_IDENTITY[sdk=iphoneos*]" = "iPhone Developer";
				COPY_PHASE_STRIP = NO;
				GCC_C_LANGUAGE_STANDARD = gnu99;
				GCC_DYNAMIC_NO_PIC = NO;
				GCC_OPTIMIZATION_LEVEL = 0;
				GCC_PREPROCESSOR_DEFINITIONS = (
					"DEBUG=1",
					"$(inherited)",
				);
				GCC_SYMBOLS_PRIVATE_EXTERN = NO;
				GCC_WARN_64_TO_32_BIT_CONVERSION = YES;
				GCC_WARN_ABOUT_RETURN_TYPE = YES_ERROR;
				GCC_WARN_UNDECLARED_SELECTOR = YES;
				GCC_WARN_UNINITIALIZED_AUTOS = YES_AGGRESSIVE;
				GCC_WARN_UNUSED_FUNCTION = YES;
				GCC_WARN_UNUSED_VARIABLE = YES;
				IPHONEOS_DEPLOYMENT_TARGET = 7.1;
				ONLY_ACTIVE_ARCH = YES;
				SDKROOT = iphoneos;
				TARGETED_DEVICE_FAMILY = 2;
			};
			name = Debug;
		};
		EB1CA1821963B82700D59365 /* Release */ = {
			isa = XCBuildConfiguration;
			buildSettings = {
				ALWAYS_SEARCH_USER_PATHS = NO;
				CLANG_CXX_LANGUAGE_STANDARD = "gnu++0x";
				CLANG_CXX_LIBRARY = "libc++";
				CLANG_ENABLE_MODULES = YES;
				CLANG_ENABLE_OBJC_ARC = YES;
				CLANG_WARN_BOOL_CONVERSION = YES;
				CLANG_WARN_CONSTANT_CONVERSION = YES;
				CLANG_WARN_DIRECT_OBJC_ISA_USAGE = YES_ERROR;
				CLANG_WARN_EMPTY_BODY = YES;
				CLANG_WARN_ENUM_CONVERSION = YES;
				CLANG_WARN_INT_CONVERSION = YES;
				CLANG_WARN_OBJC_ROOT_CLASS = YES_ERROR;
				CLANG_WARN__DUPLICATE_METHOD_MATCH = YES;
				"CODE_SIGN_IDENTITY[sdk=iphoneos*]" = "iPhone Developer";
				COPY_PHASE_STRIP = YES;
				ENABLE_NS_ASSERTIONS = NO;
				GCC_C_LANGUAGE_STANDARD = gnu99;
				GCC_WARN_64_TO_32_BIT_CONVERSION = YES;
				GCC_WARN_ABOUT_RETURN_TYPE = YES_ERROR;
				GCC_WARN_UNDECLARED_SELECTOR = YES;
				GCC_WARN_UNINITIALIZED_AUTOS = YES_AGGRESSIVE;
				GCC_WARN_UNUSED_FUNCTION = YES;
				GCC_WARN_UNUSED_VARIABLE = YES;
				IPHONEOS_DEPLOYMENT_TARGET = 7.1;
				SDKROOT = iphoneos;
				TARGETED_DEVICE_FAMILY = 2;
				VALIDATE_PRODUCT = YES;
			};
			name = Release;
		};
		EB1CA1841963B82700D59365 /* Debug */ = {
			isa = XCBuildConfiguration;
			buildSettings = {
				ASSETCATALOG_COMPILER_APPICON_NAME = AppIcon;
				ASSETCATALOG_COMPILER_LAUNCHIMAGE_NAME = LaunchImage;
				GCC_PRECOMPILE_PREFIX_HEADER = YES;
				GCC_PREFIX_HEADER = "GithubClient/GithubClient-Prefix.pch";
				INFOPLIST_FILE = "GithubClient/GithubClient-Info.plist";
				PRODUCT_NAME = "$(TARGET_NAME)";
				WRAPPER_EXTENSION = app;
			};
			name = Debug;
		};
		EB1CA1851963B82700D59365 /* Release */ = {
			isa = XCBuildConfiguration;
			buildSettings = {
				ASSETCATALOG_COMPILER_APPICON_NAME = AppIcon;
				ASSETCATALOG_COMPILER_LAUNCHIMAGE_NAME = LaunchImage;
				GCC_PRECOMPILE_PREFIX_HEADER = YES;
				GCC_PREFIX_HEADER = "GithubClient/GithubClient-Prefix.pch";
				INFOPLIST_FILE = "GithubClient/GithubClient-Info.plist";
				PRODUCT_NAME = "$(TARGET_NAME)";
				WRAPPER_EXTENSION = app;
			};
			name = Release;
		};
		EB1CA1871963B82700D59365 /* Debug */ = {
			isa = XCBuildConfiguration;
			buildSettings = {
				BUNDLE_LOADER = "$(BUILT_PRODUCTS_DIR)/GithubClient.app/GithubClient";
				FRAMEWORK_SEARCH_PATHS = (
					"$(SDKROOT)/Developer/Library/Frameworks",
					"$(inherited)",
					"$(DEVELOPER_FRAMEWORKS_DIR)",
				);
				GCC_PRECOMPILE_PREFIX_HEADER = YES;
				GCC_PREFIX_HEADER = "GithubClient/GithubClient-Prefix.pch";
				GCC_PREPROCESSOR_DEFINITIONS = (
					"DEBUG=1",
					"$(inherited)",
				);
				INFOPLIST_FILE = "GithubClientTests/GithubClientTests-Info.plist";
				PRODUCT_NAME = "$(TARGET_NAME)";
				TEST_HOST = "$(BUNDLE_LOADER)";
				WRAPPER_EXTENSION = xctest;
			};
			name = Debug;
		};
		EB1CA1881963B82700D59365 /* Release */ = {
			isa = XCBuildConfiguration;
			buildSettings = {
				BUNDLE_LOADER = "$(BUILT_PRODUCTS_DIR)/GithubClient.app/GithubClient";
				FRAMEWORK_SEARCH_PATHS = (
					"$(SDKROOT)/Developer/Library/Frameworks",
					"$(inherited)",
					"$(DEVELOPER_FRAMEWORKS_DIR)",
				);
				GCC_PRECOMPILE_PREFIX_HEADER = YES;
				GCC_PREFIX_HEADER = "GithubClient/GithubClient-Prefix.pch";
				INFOPLIST_FILE = "GithubClientTests/GithubClientTests-Info.plist";
				PRODUCT_NAME = "$(TARGET_NAME)";
				TEST_HOST = "$(BUNDLE_LOADER)";
				WRAPPER_EXTENSION = xctest;
			};
			name = Release;
		};
/* End XCBuildConfiguration section */

/* Begin XCConfigurationList section */
		EB1CA1491963B82700D59365 /* Build configuration list for PBXProject "GithubClient" */ = {
			isa = XCConfigurationList;
			buildConfigurations = (
				EB1CA1811963B82700D59365 /* Debug */,
				EB1CA1821963B82700D59365 /* Release */,
			);
			defaultConfigurationIsVisible = 0;
			defaultConfigurationName = Release;
		};
		EB1CA1831963B82700D59365 /* Build configuration list for PBXNativeTarget "GithubClient" */ = {
			isa = XCConfigurationList;
			buildConfigurations = (
				EB1CA1841963B82700D59365 /* Debug */,
				EB1CA1851963B82700D59365 /* Release */,
			);
			defaultConfigurationIsVisible = 0;
			defaultConfigurationName = Release;
		};
		EB1CA1861963B82700D59365 /* Build configuration list for PBXNativeTarget "GithubClientTests" */ = {
			isa = XCConfigurationList;
			buildConfigurations = (
				EB1CA1871963B82700D59365 /* Debug */,
				EB1CA1881963B82700D59365 /* Release */,
			);
			defaultConfigurationIsVisible = 0;
			defaultConfigurationName = Release;
		};
/* End XCConfigurationList section */
	};
	rootObject = EB1CA1461963B82700D59365 /* Project object */;
}
